{
  "name": "python",
  "version": "1.0.0",
  "lockfileVersion": 3,
  "requires": true,
  "packages": {
    "": {
      "name": "python",
      "version": "1.0.0",
      "license": "ISC",
      "dependencies": {
        "three": "^0.179.1",
        "three-mesh-bvh": "^0.9.1"
      }
    },
    "node_modules/three": {
      "version": "0.179.1",
      "resolved": "https://registry.npmjs.org/three/-/three-0.179.1.tgz",
      "integrity": "sha512-5y/elSIQbrvKOISxpwXCR4sQqHtGiOI+MKLc3SsBdDXA2hz3Mdp3X59aUp8DyybMa34aeBwbFTpdoLJaUDEWSw==",
      "license": "MIT"
    },
    "node_modules/three-mesh-bvh": {
      "version": "0.9.1",
      "resolved": "https://registry.npmjs.org/three-mesh-bvh/-/three-mesh-bvh-0.9.1.tgz",
      "integrity": "sha512-WNT+m9jGQgtp4YdtwEnl4oFylNVifRf7iphlwWdJ4bJu7oNkY0xHIyntep9OzHuR1hpe/pyAP840gB/EsYDJfg==",
      "license": "MIT",
      "peerDependencies": {
        "three": ">= 0.159.0"
      }
    }
  }
}
